
Microsoft Visual Studio Solution File, Format Version 12.00
# Visual Studio Version 16
VisualStudioVersion = 16.0.31727.386
MinimumVisualStudioVersion = 10.0.40219.1
Project("{9A19103F-16F7-4668-BE54-9A1E7A4F7556}") = "Principal.WeWatch.Web", "Principal.WeWatch.Web\Principal.WeWatch.Web.csproj", "{1DF5CCDB-DEF0-4AAF-AA06-850DA9CDC229}"
EndProject
Project("{9A19103F-16F7-4668-BE54-9A1E7A4F7556}") = "Principal.WeWatch.Data", "Principal.WeWatch.Data\Principal.WeWatch.Data.csproj", "{8233E8E8-6E0A-463F-8C03-DE122B966149}"
EndProject
Project("{FAE04EC0-301F-11D3-BF4B-00C04F79EFBC}") = "Principal.WeWatch.WebMVC", "Principal.WeWatch.WebMVC\Principal.WeWatch.WebMVC.csproj", "{8FCD75BA-62AA-4304-A051-E337568F5DB7}"
EndProject
Project("{FAE04EC0-301F-11D3-BF4B-00C04F79EFBC}") = "Principal.WeWatch.ApiShare", "Principal.WeWatch.ApiShare\Principal.WeWatch.ApiShare.csproj", "{9D119A92-DA26-4DC4-9994-4F77455B5E67}"
EndProject
Global
	GlobalSection(SolutionConfigurationPlatforms) = preSolution
		Debug|Any CPU = Debug|Any CPU
		Release|Any CPU = Release|Any CPU
	EndGlobalSection
	GlobalSection(ProjectConfigurationPlatforms) = postSolution
		{1DF5CCDB-DEF0-4AAF-AA06-850DA9CDC229}.Debug|Any CPU.ActiveCfg = Debug|Any CPU
		{1DF5CCDB-DEF0-4AAF-AA06-850DA9CDC229}.Debug|Any CPU.Build.0 = Debug|Any CPU
		{1DF5CCDB-DEF0-4AAF-AA06-850DA9CDC229}.Release|Any CPU.ActiveCfg = Release|Any CPU
		{1DF5CCDB-DEF0-4AAF-AA06-850DA9CDC229}.Release|Any CPU.Build.0 = Release|Any CPU
		{8233E8E8-6E0A-463F-8C03-DE122B966149}.Debug|Any CPU.ActiveCfg = Debug|Any CPU
		{8233E8E8-6E0A-463F-8C03-DE122B966149}.Debug|Any CPU.Build.0 = Debug|Any CPU
		{8233E8E8-6E0A-463F-8C03-DE122B966149}.Release|Any CPU.ActiveCfg = Release|Any CPU
		{8233E8E8-6E0A-463F-8C03-DE122B966149}.Release|Any CPU.Build.0 = Release|Any CPU
		{8FCD75BA-62AA-4304-A051-E337568F5DB7}.Debug|Any CPU.ActiveCfg = Debug|Any CPU
		{8FCD75BA-62AA-4304-A051-E337568F5DB7}.Debug|Any CPU.Build.0 = Debug|Any CPU
		{8FCD75BA-62AA-4304-A051-E337568F5DB7}.Release|Any CPU.ActiveCfg = Release|Any CPU
		{8FCD75BA-62AA-4304-A051-E337568F5DB7}.Release|Any CPU.Build.0 = Release|Any CPU
		{9D119A92-DA26-4DC4-9994-4F77455B5E67}.Debug|Any CPU.ActiveCfg = Debug|Any CPU
		{9D119A92-DA26-4DC4-9994-4F77455B5E67}.Debug|Any CPU.Build.0 = Debug|Any CPU
		{9D119A92-DA26-4DC4-9994-4F77455B5E67}.Release|Any CPU.ActiveCfg = Release|Any CPU
		{9D119A92-DA26-4DC4-9994-4F77455B5E67}.Release|Any CPU.Build.0 = Release|Any CPU
	EndGlobalSection
	GlobalSection(SolutionProperties) = preSolution
		HideSolutionNode = FALSE
	EndGlobalSection
	GlobalSection(ExtensibilityGlobals) = postSolution
		SolutionGuid = {F987DB6C-C937-40F0-BF49-1B31C8F159F0}
	EndGlobalSection
EndGlobal
